
Microsoft Visual Studio Solution File, Format Version 12.00
# Visual Studio Version 17
VisualStudioVersion = 17.9.34902.65
MinimumVisualStudioVersion = 10.0.40219.1
Project("{FAE04EC0-301F-11D3-BF4B-00C04F79EFBC}") = "Company_Employee", "Company_Employee\Company_Employee.csproj", "{435F3FF4-8761-4CB5-AECC-06DC5D0076C7}"
EndProject
Global
	GlobalSection(SolutionConfigurationPlatforms) = preSolution
		Debug|Any CPU = Debug|Any CPU
		Release|Any CPU = Release|Any CPU
	EndGlobalSection
	GlobalSection(ProjectConfigurationPlatforms) = postSolution
		{435F3FF4-8761-4CB5-AECC-06DC5D0076C7}.Debug|Any CPU.ActiveCfg = Debug|Any CPU
		{435F3FF4-8761-4CB5-AECC-06DC5D0076C7}.Debug|Any CPU.Build.0 = Debug|Any CPU
		{435F3FF4-8761-4CB5-AECC-06DC5D0076C7}.Release|Any CPU.ActiveCfg = Release|Any CPU
		{435F3FF4-8761-4CB5-AECC-06DC5D0076C7}.Release|Any CPU.Build.0 = Release|Any CPU
	EndGlobalSection
	GlobalSection(SolutionProperties) = preSolution
		HideSolutionNode = FALSE
	EndGlobalSection
	GlobalSection(ExtensibilityGlobals) = postSolution
		SolutionGuid = {ADDE0E2E-FEEC-40BB-88B0-E9A4CF6B2DC2}
	EndGlobalSection
EndGlobal
